
Microsoft Visual Studio Solution File, Format Version 12.00
# Visual Studio 16
Project("{FAE04EC0-301F-11D3-BF4B-00C04F79EFBC}") = "Assembly-CSharp", "Assembly-CSharp.csproj", "{0764B9D3-612E-9DE2-61B1-9AA9C2509922}"
EndProject
Project("{FAE04EC0-301F-11D3-BF4B-00C04F79EFBC}") = "Assembly-CSharp-firstpass", "Assembly-CSharp-firstpass.csproj", "{96DD9E5F-87C7-F73C-D2F0-19DDF8094D3F}"
EndProject
Project("{FAE04EC0-301F-11D3-BF4B-00C04F79EFBC}") = "Assembly-CSharp-Editor-firstpass", "Assembly-CSharp-Editor-firstpass.csproj", "{1A344095-014F-C23B-61AF-FC1926545811}"
EndProject
Global
	GlobalSection(SolutionConfigurationPlatforms) = preSolution
		Debug|Any CPU = Debug|Any CPU
		Release|Any CPU = Release|Any CPU
	EndGlobalSection
	GlobalSection(ProjectConfigurationPlatforms) = postSolution
		{0764B9D3-612E-9DE2-61B1-9AA9C2509922}.Debug|Any CPU.ActiveCfg = Debug|Any CPU
		{0764B9D3-612E-9DE2-61B1-9AA9C2509922}.Debug|Any CPU.Build.0 = Debug|Any CPU
		{0764B9D3-612E-9DE2-61B1-9AA9C2509922}.Release|Any CPU.ActiveCfg = Release|Any CPU
		{0764B9D3-612E-9DE2-61B1-9AA9C2509922}.Release|Any CPU.Build.0 = Release|Any CPU
		{96DD9E5F-87C7-F73C-D2F0-19DDF8094D3F}.Debug|Any CPU.ActiveCfg = Debug|Any CPU
		{96DD9E5F-87C7-F73C-D2F0-19DDF8094D3F}.Debug|Any CPU.Build.0 = Debug|Any CPU
		{96DD9E5F-87C7-F73C-D2F0-19DDF8094D3F}.Release|Any CPU.ActiveCfg = Release|Any CPU
		{96DD9E5F-87C7-F73C-D2F0-19DDF8094D3F}.Release|Any CPU.Build.0 = Release|Any CPU
		{1A344095-014F-C23B-61AF-FC1926545811}.Debug|Any CPU.ActiveCfg = Debug|Any CPU
		{1A344095-014F-C23B-61AF-FC1926545811}.Debug|Any CPU.Build.0 = Debug|Any CPU
		{1A344095-014F-C23B-61AF-FC1926545811}.Release|Any CPU.ActiveCfg = Release|Any CPU
		{1A344095-014F-C23B-61AF-FC1926545811}.Release|Any CPU.Build.0 = Release|Any CPU
	EndGlobalSection
	GlobalSection(SolutionProperties) = preSolution
		HideSolutionNode = FALSE
	EndGlobalSection
EndGlobal
